
Microsoft Visual Studio Solution File, Format Version 12.00
# Visual Studio 15
VisualStudioVersion = 15.0.27703.2035
MinimumVisualStudioVersion = 10.0.40219.1
Project("{FAE04EC0-301F-11D3-BF4B-00C04F79EFBC}") = "XF.Hello.Android", "XF.Hello\XF.Hello.Android\XF.Hello.Android.csproj", "{CE8A2FD7-3F40-4F9A-AC01-2E1572C3F388}"
EndProject
Project("{FAE04EC0-301F-11D3-BF4B-00C04F79EFBC}") = "XF.Hello.iOS", "XF.Hello\XF.Hello.iOS\XF.Hello.iOS.csproj", "{E907DD0E-074D-46B2-8CAD-0E51802D8591}"
EndProject
Project("{FAE04EC0-301F-11D3-BF4B-00C04F79EFBC}") = "XF.Hello", "XF.Hello\XF.Hello\XF.Hello.csproj", "{F454D611-5011-4095-BC38-8348D588FE33}"
EndProject
Global
	GlobalSection(SolutionConfigurationPlatforms) = preSolution
		Ad-Hoc|Any CPU = Ad-Hoc|Any CPU
		Ad-Hoc|iPhone = Ad-Hoc|iPhone
		Ad-Hoc|iPhoneSimulator = Ad-Hoc|iPhoneSimulator
		AppStore|Any CPU = AppStore|Any CPU
		AppStore|iPhone = AppStore|iPhone
		AppStore|iPhoneSimulator = AppStore|iPhoneSimulator
		Debug|Any CPU = Debug|Any CPU
		Debug|iPhone = Debug|iPhone
		Debug|iPhoneSimulator = Debug|iPhoneSimulator
		Release|Any CPU = Release|Any CPU
		Release|iPhone = Release|iPhone
		Release|iPhoneSimulator = Release|iPhoneSimulator
	EndGlobalSection
	GlobalSection(ProjectConfigurationPlatforms) = postSolution
		{CE8A2FD7-3F40-4F9A-AC01-2E1572C3F388}.Ad-Hoc|Any CPU.ActiveCfg = Release|Any CPU
		{CE8A2FD7-3F40-4F9A-AC01-2E1572C3F388}.Ad-Hoc|Any CPU.Build.0 = Release|Any CPU
		{CE8A2FD7-3F40-4F9A-AC01-2E1572C3F388}.Ad-Hoc|Any CPU.Deploy.0 = Release|Any CPU
		{CE8A2FD7-3F40-4F9A-AC01-2E1572C3F388}.Ad-Hoc|iPhone.ActiveCfg = Release|Any CPU
		{CE8A2FD7-3F40-4F9A-AC01-2E1572C3F388}.Ad-Hoc|iPhone.Build.0 = Release|Any CPU
		{CE8A2FD7-3F40-4F9A-AC01-2E1572C3F388}.Ad-Hoc|iPhone.Deploy.0 = Release|Any CPU
		{CE8A2FD7-3F40-4F9A-AC01-2E1572C3F388}.Ad-Hoc|iPhoneSimulator.ActiveCfg = Release|Any CPU
		{CE8A2FD7-3F40-4F9A-AC01-2E1572C3F388}.Ad-Hoc|iPhoneSimulator.Build.0 = Release|Any CPU
		{CE8A2FD7-3F40-4F9A-AC01-2E1572C3F388}.Ad-Hoc|iPhoneSimulator.Deploy.0 = Release|Any CPU
		{CE8A2FD7-3F40-4F9A-AC01-2E1572C3F388}.AppStore|Any CPU.ActiveCfg = Release|Any CPU
		{CE8A2FD7-3F40-4F9A-AC01-2E1572C3F388}.AppStore|Any CPU.Build.0 = Release|Any CPU
		{CE8A2FD7-3F40-4F9A-AC01-2E1572C3F388}.AppStore|Any CPU.Deploy.0 = Release|Any CPU
		{CE8A2FD7-3F40-4F9A-AC01-2E1572C3F388}.AppStore|iPhone.ActiveCfg = Release|Any CPU
		{CE8A2FD7-3F40-4F9A-AC01-2E1572C3F388}.AppStore|iPhone.Build.0 = Release|Any CPU
		{CE8A2FD7-3F40-4F9A-AC01-2E1572C3F388}.AppStore|iPhone.Deploy.0 = Release|Any CPU
		{CE8A2FD7-3F40-4F9A-AC01-2E1572C3F388}.AppStore|iPhoneSimulator.ActiveCfg = Release|Any CPU
		{CE8A2FD7-3F40-4F9A-AC01-2E1572C3F388}.AppStore|iPhoneSimulator.Build.0 = Release|Any CPU
		{CE8A2FD7-3F40-4F9A-AC01-2E1572C3F388}.AppStore|iPhoneSimulator.Deploy.0 = Release|Any CPU
		{CE8A2FD7-3F40-4F9A-AC01-2E1572C3F388}.Debug|Any CPU.ActiveCfg = Debug|Any CPU
		{CE8A2FD7-3F40-4F9A-AC01-2E1572C3F388}.Debug|Any CPU.Build.0 = Debug|Any CPU
		{CE8A2FD7-3F40-4F9A-AC01-2E1572C3F388}.Debug|Any CPU.Deploy.0 = Debug|Any CPU
		{CE8A2FD7-3F40-4F9A-AC01-2E1572C3F388}.Debug|iPhone.ActiveCfg = Debug|Any CPU
		{CE8A2FD7-3F40-4F9A-AC01-2E1572C3F388}.Debug|iPhone.Build.0 = Debug|Any CPU
		{CE8A2FD7-3F40-4F9A-AC01-2E1572C3F388}.Debug|iPhone.Deploy.0 = Debug|Any CPU
		{CE8A2FD7-3F40-4F9A-AC01-2E1572C3F388}.Debug|iPhoneSimulator.ActiveCfg = Debug|Any CPU
		{CE8A2FD7-3F40-4F9A-AC01-2E1572C3F388}.Debug|iPhoneSimulator.Build.0 = Debug|Any CPU
		{CE8A2FD7-3F40-4F9A-AC01-2E1572C3F388}.Debug|iPhoneSimulator.Deploy.0 = Debug|Any CPU
		{CE8A2FD7-3F40-4F9A-AC01-2E1572C3F388}.Release|Any CPU.ActiveCfg = Release|Any CPU
		{CE8A2FD7-3F40-4F9A-AC01-2E1572C3F388}.Release|Any CPU.Build.0 = Release|Any CPU
		{CE8A2FD7-3F40-4F9A-AC01-2E1572C3F388}.Release|Any CPU.Deploy.0 = Release|Any CPU
		{CE8A2FD7-3F40-4F9A-AC01-2E1572C3F388}.Release|iPhone.ActiveCfg = Release|Any CPU
		{CE8A2FD7-3F40-4F9A-AC01-2E1572C3F388}.Release|iPhone.Build.0 = Release|Any CPU
		{CE8A2FD7-3F40-4F9A-AC01-2E1572C3F388}.Release|iPhone.Deploy.0 = Release|Any CPU
		{CE8A2FD7-3F40-4F9A-AC01-2E1572C3F388}.Release|iPhoneSimulator.ActiveCfg = Release|Any CPU
		{CE8A2FD7-3F40-4F9A-AC01-2E1572C3F388}.Release|iPhoneSimulator.Build.0 = Release|Any CPU
		{CE8A2FD7-3F40-4F9A-AC01-2E1572C3F388}.Release|iPhoneSimulator.Deploy.0 = Release|Any CPU
		{E907DD0E-074D-46B2-8CAD-0E51802D8591}.Ad-Hoc|Any CPU.ActiveCfg = Ad-Hoc|iPhone
		{E907DD0E-074D-46B2-8CAD-0E51802D8591}.Ad-Hoc|Any CPU.Build.0 = Ad-Hoc|iPhone
		{E907DD0E-074D-46B2-8CAD-0E51802D8591}.Ad-Hoc|Any CPU.Deploy.0 = Ad-Hoc|iPhone
		{E907DD0E-074D-46B2-8CAD-0E51802D8591}.Ad-Hoc|iPhone.ActiveCfg = Ad-Hoc|iPhone
		{E907DD0E-074D-46B2-8CAD-0E51802D8591}.Ad-Hoc|iPhone.Build.0 = Ad-Hoc|iPhone
		{E907DD0E-074D-46B2-8CAD-0E51802D8591}.Ad-Hoc|iPhone.Deploy.0 = Ad-Hoc|iPhone
		{E907DD0E-074D-46B2-8CAD-0E51802D8591}.Ad-Hoc|iPhoneSimulator.ActiveCfg = Ad-Hoc|iPhoneSimulator
		{E907DD0E-074D-46B2-8CAD-0E51802D8591}.Ad-Hoc|iPhoneSimulator.Build.0 = Ad-Hoc|iPhoneSimulator
		{E907DD0E-074D-46B2-8CAD-0E51802D8591}.Ad-Hoc|iPhoneSimulator.Deploy.0 = Ad-Hoc|iPhoneSimulator
		{E907DD0E-074D-46B2-8CAD-0E51802D8591}.AppStore|Any CPU.ActiveCfg = AppStore|iPhone
		{E907DD0E-074D-46B2-8CAD-0E51802D8591}.AppStore|Any CPU.Build.0 = AppStore|iPhone
		{E907DD0E-074D-46B2-8CAD-0E51802D8591}.AppStore|Any CPU.Deploy.0 = AppStore|iPhone
		{E907DD0E-074D-46B2-8CAD-0E51802D8591}.AppStore|iPhone.ActiveCfg = AppStore|iPhone
		{E907DD0E-074D-46B2-8CAD-0E51802D8591}.AppStore|iPhone.Build.0 = AppStore|iPhone
		{E907DD0E-074D-46B2-8CAD-0E51802D8591}.AppStore|iPhone.Deploy.0 = AppStore|iPhone
		{E907DD0E-074D-46B2-8CAD-0E51802D8591}.AppStore|iPhoneSimulator.ActiveCfg = AppStore|iPhoneSimulator
		{E907DD0E-074D-46B2-8CAD-0E51802D8591}.AppStore|iPhoneSimulator.Build.0 = AppStore|iPhoneSimulator
		{E907DD0E-074D-46B2-8CAD-0E51802D8591}.AppStore|iPhoneSimulator.Deploy.0 = AppStore|iPhoneSimulator
		{E907DD0E-074D-46B2-8CAD-0E51802D8591}.Debug|Any CPU.ActiveCfg = Debug|iPhoneSimulator
		{E907DD0E-074D-46B2-8CAD-0E51802D8591}.Debug|Any CPU.Build.0 = Debug|iPhoneSimulator
		{E907DD0E-074D-46B2-8CAD-0E51802D8591}.Debug|Any CPU.Deploy.0 = Debug|iPhoneSimulator
		{E907DD0E-074D-46B2-8CAD-0E51802D8591}.Debug|iPhone.ActiveCfg = Debug|iPhone
		{E907DD0E-074D-46B2-8CAD-0E51802D8591}.Debug|iPhone.Build.0 = Debug|iPhone
		{E907DD0E-074D-46B2-8CAD-0E51802D8591}.Debug|iPhone.Deploy.0 = Debug|iPhone
		{E907DD0E-074D-46B2-8CAD-0E51802D8591}.Debug|iPhoneSimulator.ActiveCfg = Debug|iPhoneSimulator
		{E907DD0E-074D-46B2-8CAD-0E51802D8591}.Debug|iPhoneSimulator.Build.0 = Debug|iPhoneSimulator
		{E907DD0E-074D-46B2-8CAD-0E51802D8591}.Debug|iPhoneSimulator.Deploy.0 = Debug|iPhoneSimulator
		{E907DD0E-074D-46B2-8CAD-0E51802D8591}.Release|Any CPU.ActiveCfg = Release|iPhone
		{E907DD0E-074D-46B2-8CAD-0E51802D8591}.Release|Any CPU.Build.0 = Release|iPhone
		{E907DD0E-074D-46B2-8CAD-0E51802D8591}.Release|Any CPU.Deploy.0 = Release|iPhone
		{E907DD0E-074D-46B2-8CAD-0E51802D8591}.Release|iPhone.ActiveCfg = Release|iPhone
		{E907DD0E-074D-46B2-8CAD-0E51802D8591}.Release|iPhone.Build.0 = Release|iPhone
		{E907DD0E-074D-46B2-8CAD-0E51802D8591}.Release|iPhone.Deploy.0 = Release|iPhone
		{E907DD0E-074D-46B2-8CAD-0E51802D8591}.Release|iPhoneSimulator.ActiveCfg = Release|iPhoneSimulator
		{E907DD0E-074D-46B2-8CAD-0E51802D8591}.Release|iPhoneSimulator.Build.0 = Release|iPhoneSimulator
		{E907DD0E-074D-46B2-8CAD-0E51802D8591}.Release|iPhoneSimulator.Deploy.0 = Release|iPhoneSimulator
		{F454D611-5011-4095-BC38-8348D588FE33}.Ad-Hoc|Any CPU.ActiveCfg = Debug|Any CPU
		{F454D611-5011-4095-BC38-8348D588FE33}.Ad-Hoc|Any CPU.Build.0 = Debug|Any CPU
		{F454D611-5011-4095-BC38-8348D588FE33}.Ad-Hoc|Any CPU.Deploy.0 = Debug|Any CPU
		{F454D611-5011-4095-BC38-8348D588FE33}.Ad-Hoc|iPhone.ActiveCfg = Debug|Any CPU
		{F454D611-5011-4095-BC38-8348D588FE33}.Ad-Hoc|iPhone.Build.0 = Debug|Any CPU
		{F454D611-5011-4095-BC38-8348D588FE33}.Ad-Hoc|iPhone.Deploy.0 = Debug|Any CPU
		{F454D611-5011-4095-BC38-8348D588FE33}.Ad-Hoc|iPhoneSimulator.ActiveCfg = Debug|Any CPU
		{F454D611-5011-4095-BC38-8348D588FE33}.Ad-Hoc|iPhoneSimulator.Build.0 = Debug|Any CPU
		{F454D611-5011-4095-BC38-8348D588FE33}.Ad-Hoc|iPhoneSimulator.Deploy.0 = Debug|Any CPU
		{F454D611-5011-4095-BC38-8348D588FE33}.AppStore|Any CPU.ActiveCfg = Debug|Any CPU
		{F454D611-5011-4095-BC38-8348D588FE33}.AppStore|Any CPU.Build.0 = Debug|Any CPU
		{F454D611-5011-4095-BC38-8348D588FE33}.AppStore|Any CPU.Deploy.0 = Debug|Any CPU
		{F454D611-5011-4095-BC38-8348D588FE33}.AppStore|iPhone.ActiveCfg = Debug|Any CPU
		{F454D611-5011-4095-BC38-8348D588FE33}.AppStore|iPhone.Build.0 = Debug|Any CPU
		{F454D611-5011-4095-BC38-8348D588FE33}.AppStore|iPhone.Deploy.0 = Debug|Any CPU
		{F454D611-5011-4095-BC38-8348D588FE33}.AppStore|iPhoneSimulator.ActiveCfg = Debug|Any CPU
		{F454D611-5011-4095-BC38-8348D588FE33}.AppStore|iPhoneSimulator.Build.0 = Debug|Any CPU
		{F454D611-5011-4095-BC38-8348D588FE33}.AppStore|iPhoneSimulator.Deploy.0 = Debug|Any CPU
		{F454D611-5011-4095-BC38-8348D588FE33}.Debug|Any CPU.ActiveCfg = Debug|Any CPU
		{F454D611-5011-4095-BC38-8348D588FE33}.Debug|Any CPU.Build.0 = Debug|Any CPU
		{F454D611-5011-4095-BC38-8348D588FE33}.Debug|Any CPU.Deploy.0 = Debug|Any CPU
		{F454D611-5011-4095-BC38-8348D588FE33}.Debug|iPhone.ActiveCfg = Debug|Any CPU
		{F454D611-5011-4095-BC38-8348D588FE33}.Debug|iPhone.Build.0 = Debug|Any CPU
		{F454D611-5011-4095-BC38-8348D588FE33}.Debug|iPhone.Deploy.0 = Debug|Any CPU
		{F454D611-5011-4095-BC38-8348D588FE33}.Debug|iPhoneSimulator.ActiveCfg = Debug|Any CPU
		{F454D611-5011-4095-BC38-8348D588FE33}.Debug|iPhoneSimulator.Build.0 = Debug|Any CPU
		{F454D611-5011-4095-BC38-8348D588FE33}.Debug|iPhoneSimulator.Deploy.0 = Debug|Any CPU
		{F454D611-5011-4095-BC38-8348D588FE33}.Release|Any CPU.ActiveCfg = Release|Any CPU
		{F454D611-5011-4095-BC38-8348D588FE33}.Release|Any CPU.Build.0 = Release|Any CPU
		{F454D611-5011-4095-BC38-8348D588FE33}.Release|Any CPU.Deploy.0 = Release|Any CPU
		{F454D611-5011-4095-BC38-8348D588FE33}.Release|iPhone.ActiveCfg = Release|Any CPU
		{F454D611-5011-4095-BC38-8348D588FE33}.Release|iPhone.Build.0 = Release|Any CPU
		{F454D611-5011-4095-BC38-8348D588FE33}.Release|iPhone.Deploy.0 = Release|Any CPU
		{F454D611-5011-4095-BC38-8348D588FE33}.Release|iPhoneSimulator.ActiveCfg = Release|Any CPU
		{F454D611-5011-4095-BC38-8348D588FE33}.Release|iPhoneSimulator.Build.0 = Release|Any CPU
		{F454D611-5011-4095-BC38-8348D588FE33}.Release|iPhoneSimulator.Deploy.0 = Release|Any CPU
	EndGlobalSection
	GlobalSection(SolutionProperties) = preSolution
		HideSolutionNode = FALSE
	EndGlobalSection
	GlobalSection(ExtensibilityGlobals) = postSolution
		SolutionGuid = {749FE767-106F-4542-A4C1-3114794F27DF}
	EndGlobalSection
EndGlobal
